
Microsoft Visual Studio Solution File, Format Version 12.00
# Visual Studio Version 16
VisualStudioVersion = 16.0.30523.141
MinimumVisualStudioVersion = 10.0.40219.1
Project("{9A19103F-16F7-4668-BE54-9A1E7A4F7556}") = "CleanBankingApp.Cli", "02_CleanArchitecture\src\CleanBankingApp.Cli\CleanBankingApp.Cli.csproj", "{0B794DEC-BCBA-4D42-BB13-19227CD799A2}"
EndProject
Project("{2150E333-8FDC-42A3-9474-1A3956D46DE8}") = "Base Application", "Base Application", "{E3357345-55A2-4DA8-B8AF-39E7EDBC6AF2}"
EndProject
Project("{2150E333-8FDC-42A3-9474-1A3956D46DE8}") = "Clean Architecture", "Clean Architecture", "{498BBF32-D683-4ED9-AD8C-9DE947B50889}"
	ProjectSection(SolutionItems) = preProject
		02_CleanArchitecture\documents\clean_reorganisation.png = 02_CleanArchitecture\documents\clean_reorganisation.png
		02_CleanArchitecture\README.md = 02_CleanArchitecture\README.md
	EndProjectSection
EndProject
Project("{2150E333-8FDC-42A3-9474-1A3956D46DE8}") = "src", "src", "{85248427-960F-4C97-BA08-F8A09A8BDC42}"
EndProject
Project("{2150E333-8FDC-42A3-9474-1A3956D46DE8}") = "test", "test", "{7642C687-3575-4934-8EDF-010ADD43FE47}"
EndProject
Project("{9A19103F-16F7-4668-BE54-9A1E7A4F7556}") = "CleanBankingApp.Infrastructure", "02_CleanArchitecture\src\CleanBankingApp.Infrastructure\CleanBankingApp.Infrastructure.csproj", "{4925C1D8-3D4D-4A3C-A426-26E02C437D87}"
EndProject
Project("{9A19103F-16F7-4668-BE54-9A1E7A4F7556}") = "CleanBankingApp.Core", "02_CleanArchitecture\src\CleanBankingApp.Core\CleanBankingApp.Core.csproj", "{0521CA54-D55C-4875-8388-4AAC395BB285}"
EndProject
Project("{9A19103F-16F7-4668-BE54-9A1E7A4F7556}") = "CleanBankingApp.CoreTests", "02_CleanArchitecture\test\CleanBankingApp.CoreTests\CleanBankingApp.CoreTests.csproj", "{7C092A57-A439-47B2-A297-CAC996BB5A8A}"
EndProject
Project("{9A19103F-16F7-4668-BE54-9A1E7A4F7556}") = "BaseBankingApplication", "01_BaseBankingApplication\BaseBankingApplication.csproj", "{8384B7F1-BD09-40CE-B3A6-530FE503A84E}"
EndProject
Project("{2150E333-8FDC-42A3-9474-1A3956D46DE8}") = "Solution Items", "Solution Items", "{D85DC8BB-AFEB-428E-98AC-CE000338DB17}"
	ProjectSection(SolutionItems) = preProject
		README.md = README.md
	EndProjectSection
EndProject
Project("{2150E333-8FDC-42A3-9474-1A3956D46DE8}") = "03_CleanArchitecture_WebApi", "03_CleanArchitecture_WebApi", "{39E4AF9F-C161-4A08-8D0E-AFEEF68A6DC7}"
EndProject
Project("{2150E333-8FDC-42A3-9474-1A3956D46DE8}") = "src", "src", "{6D35B45C-C498-419C-A2C3-727F333CEE43}"
EndProject
Project("{9A19103F-16F7-4668-BE54-9A1E7A4F7556}") = "CleanBankingApp.Core", "03_CleanArchitectureWebApi\src\CleanBankingApp.Core\CleanBankingApp.Core.csproj", "{561B1037-10D6-43E2-8B87-83361BFF4C46}"
EndProject
Project("{9A19103F-16F7-4668-BE54-9A1E7A4F7556}") = "CleanBankingApp.Infrastructure", "03_CleanArchitecture_WebApi\src\CleanBankingApp.Infrastructure\CleanBankingApp.Infrastructure.csproj", "{66F7D899-5476-48F8-B1ED-65E827605BE8}"
EndProject
Project("{2150E333-8FDC-42A3-9474-1A3956D46DE8}") = "test", "test", "{5697F055-93E5-4DBA-847D-CBA7AAFF0B1F}"
	ProjectSection(SolutionItems) = preProject
		03_CleanArchitectureWebApi\test\account_requests.http = 03_CleanArchitectureWebApi\test\account_requests.http
		03_CleanArchitectureWebApi\test\transaction_requests.http = 03_CleanArchitectureWebApi\test\transaction_requests.http
	EndProjectSection
EndProject
Project("{9A19103F-16F7-4668-BE54-9A1E7A4F7556}") = "CleanBankingApp.WebApi", "03_CleanArchitecture_WebApi\src\CleanBankingApp.WebApi\CleanBankingApp.WebApi.csproj", "{821E3BA9-3EF8-491C-987A-4F412B1DFCE1}"
EndProject
Project("{2150E333-8FDC-42A3-9474-1A3956D46DE8}") = "04_CleanArchitecture_SQL", "04_CleanArchitecture_SQL", "{AC1A5DE2-EAB7-4C11-828C-6EDA37D3EDFC}"
EndProject
Project("{2150E333-8FDC-42A3-9474-1A3956D46DE8}") = "src", "src", "{DFEADB6B-C247-4CB0-82BB-AD7819C3811F}"
EndProject
Project("{FAE04EC0-301F-11D3-BF4B-00C04F79EFBC}") = "CleanBankingApp.Core", "04_CleanArchitecture_SQL\src\CleanBankingApp.Core\CleanBankingApp.Core.csproj", "{9BF57D3D-BF2A-43D2-9C34-5A523B7772C0}"
EndProject
Project("{FAE04EC0-301F-11D3-BF4B-00C04F79EFBC}") = "CleanBankingApp.Infrastructure", "04_CleanArchitecture_SQL\src\CleanBankingApp.Infrastructure\CleanBankingApp.Infrastructure.csproj", "{C2C5DD3B-3D29-4B32-B36F-4E6376D649DF}"
EndProject
Project("{FAE04EC0-301F-11D3-BF4B-00C04F79EFBC}") = "CleanBankingApp.WebApi", "04_CleanArchitecture_SQL\src\CleanBankingApp.WebApi\CleanBankingApp.WebApi.csproj", "{A748182A-0B43-4742-BC8C-139A53F84871}"
EndProject
Global
	GlobalSection(SolutionConfigurationPlatforms) = preSolution
		Debug|Any CPU = Debug|Any CPU
		Release|Any CPU = Release|Any CPU
	EndGlobalSection
	GlobalSection(ProjectConfigurationPlatforms) = postSolution
		{0B794DEC-BCBA-4D42-BB13-19227CD799A2}.Debug|Any CPU.ActiveCfg = Debug|Any CPU
		{0B794DEC-BCBA-4D42-BB13-19227CD799A2}.Debug|Any CPU.Build.0 = Debug|Any CPU
		{0B794DEC-BCBA-4D42-BB13-19227CD799A2}.Release|Any CPU.ActiveCfg = Release|Any CPU
		{0B794DEC-BCBA-4D42-BB13-19227CD799A2}.Release|Any CPU.Build.0 = Release|Any CPU
		{4925C1D8-3D4D-4A3C-A426-26E02C437D87}.Debug|Any CPU.ActiveCfg = Debug|Any CPU
		{4925C1D8-3D4D-4A3C-A426-26E02C437D87}.Debug|Any CPU.Build.0 = Debug|Any CPU
		{4925C1D8-3D4D-4A3C-A426-26E02C437D87}.Release|Any CPU.ActiveCfg = Release|Any CPU
		{4925C1D8-3D4D-4A3C-A426-26E02C437D87}.Release|Any CPU.Build.0 = Release|Any CPU
		{0521CA54-D55C-4875-8388-4AAC395BB285}.Debug|Any CPU.ActiveCfg = Debug|Any CPU
		{0521CA54-D55C-4875-8388-4AAC395BB285}.Debug|Any CPU.Build.0 = Debug|Any CPU
		{0521CA54-D55C-4875-8388-4AAC395BB285}.Release|Any CPU.ActiveCfg = Release|Any CPU
		{0521CA54-D55C-4875-8388-4AAC395BB285}.Release|Any CPU.Build.0 = Release|Any CPU
		{7C092A57-A439-47B2-A297-CAC996BB5A8A}.Debug|Any CPU.ActiveCfg = Debug|Any CPU
		{7C092A57-A439-47B2-A297-CAC996BB5A8A}.Debug|Any CPU.Build.0 = Debug|Any CPU
		{7C092A57-A439-47B2-A297-CAC996BB5A8A}.Release|Any CPU.ActiveCfg = Release|Any CPU
		{7C092A57-A439-47B2-A297-CAC996BB5A8A}.Release|Any CPU.Build.0 = Release|Any CPU
		{8384B7F1-BD09-40CE-B3A6-530FE503A84E}.Debug|Any CPU.ActiveCfg = Debug|Any CPU
		{8384B7F1-BD09-40CE-B3A6-530FE503A84E}.Debug|Any CPU.Build.0 = Debug|Any CPU
		{8384B7F1-BD09-40CE-B3A6-530FE503A84E}.Release|Any CPU.ActiveCfg = Release|Any CPU
		{8384B7F1-BD09-40CE-B3A6-530FE503A84E}.Release|Any CPU.Build.0 = Release|Any CPU
		{561B1037-10D6-43E2-8B87-83361BFF4C46}.Debug|Any CPU.ActiveCfg = Debug|Any CPU
		{561B1037-10D6-43E2-8B87-83361BFF4C46}.Debug|Any CPU.Build.0 = Debug|Any CPU
		{561B1037-10D6-43E2-8B87-83361BFF4C46}.Release|Any CPU.ActiveCfg = Release|Any CPU
		{561B1037-10D6-43E2-8B87-83361BFF4C46}.Release|Any CPU.Build.0 = Release|Any CPU
		{66F7D899-5476-48F8-B1ED-65E827605BE8}.Debug|Any CPU.ActiveCfg = Debug|Any CPU
		{66F7D899-5476-48F8-B1ED-65E827605BE8}.Debug|Any CPU.Build.0 = Debug|Any CPU
		{66F7D899-5476-48F8-B1ED-65E827605BE8}.Release|Any CPU.ActiveCfg = Release|Any CPU
		{66F7D899-5476-48F8-B1ED-65E827605BE8}.Release|Any CPU.Build.0 = Release|Any CPU
		{821E3BA9-3EF8-491C-987A-4F412B1DFCE1}.Debug|Any CPU.ActiveCfg = Debug|Any CPU
		{821E3BA9-3EF8-491C-987A-4F412B1DFCE1}.Debug|Any CPU.Build.0 = Debug|Any CPU
		{821E3BA9-3EF8-491C-987A-4F412B1DFCE1}.Release|Any CPU.ActiveCfg = Release|Any CPU
		{821E3BA9-3EF8-491C-987A-4F412B1DFCE1}.Release|Any CPU.Build.0 = Release|Any CPU
		{9BF57D3D-BF2A-43D2-9C34-5A523B7772C0}.Debug|Any CPU.ActiveCfg = Debug|Any CPU
		{9BF57D3D-BF2A-43D2-9C34-5A523B7772C0}.Debug|Any CPU.Build.0 = Debug|Any CPU
		{9BF57D3D-BF2A-43D2-9C34-5A523B7772C0}.Release|Any CPU.ActiveCfg = Release|Any CPU
		{9BF57D3D-BF2A-43D2-9C34-5A523B7772C0}.Release|Any CPU.Build.0 = Release|Any CPU
		{C2C5DD3B-3D29-4B32-B36F-4E6376D649DF}.Debug|Any CPU.ActiveCfg = Debug|Any CPU
		{C2C5DD3B-3D29-4B32-B36F-4E6376D649DF}.Debug|Any CPU.Build.0 = Debug|Any CPU
		{C2C5DD3B-3D29-4B32-B36F-4E6376D649DF}.Release|Any CPU.ActiveCfg = Release|Any CPU
		{C2C5DD3B-3D29-4B32-B36F-4E6376D649DF}.Release|Any CPU.Build.0 = Release|Any CPU
		{A748182A-0B43-4742-BC8C-139A53F84871}.Debug|Any CPU.ActiveCfg = Debug|Any CPU
		{A748182A-0B43-4742-BC8C-139A53F84871}.Debug|Any CPU.Build.0 = Debug|Any CPU
		{A748182A-0B43-4742-BC8C-139A53F84871}.Release|Any CPU.ActiveCfg = Release|Any CPU
		{A748182A-0B43-4742-BC8C-139A53F84871}.Release|Any CPU.Build.0 = Release|Any CPU
	EndGlobalSection
	GlobalSection(SolutionProperties) = preSolution
		HideSolutionNode = FALSE
	EndGlobalSection
	GlobalSection(NestedProjects) = preSolution
		{0B794DEC-BCBA-4D42-BB13-19227CD799A2} = {85248427-960F-4C97-BA08-F8A09A8BDC42}
		{85248427-960F-4C97-BA08-F8A09A8BDC42} = {498BBF32-D683-4ED9-AD8C-9DE947B50889}
		{7642C687-3575-4934-8EDF-010ADD43FE47} = {498BBF32-D683-4ED9-AD8C-9DE947B50889}
		{4925C1D8-3D4D-4A3C-A426-26E02C437D87} = {85248427-960F-4C97-BA08-F8A09A8BDC42}
		{0521CA54-D55C-4875-8388-4AAC395BB285} = {85248427-960F-4C97-BA08-F8A09A8BDC42}
		{7C092A57-A439-47B2-A297-CAC996BB5A8A} = {7642C687-3575-4934-8EDF-010ADD43FE47}
		{8384B7F1-BD09-40CE-B3A6-530FE503A84E} = {E3357345-55A2-4DA8-B8AF-39E7EDBC6AF2}
		{6D35B45C-C498-419C-A2C3-727F333CEE43} = {39E4AF9F-C161-4A08-8D0E-AFEEF68A6DC7}
		{561B1037-10D6-43E2-8B87-83361BFF4C46} = {6D35B45C-C498-419C-A2C3-727F333CEE43}
		{66F7D899-5476-48F8-B1ED-65E827605BE8} = {6D35B45C-C498-419C-A2C3-727F333CEE43}
		{5697F055-93E5-4DBA-847D-CBA7AAFF0B1F} = {39E4AF9F-C161-4A08-8D0E-AFEEF68A6DC7}
		{821E3BA9-3EF8-491C-987A-4F412B1DFCE1} = {6D35B45C-C498-419C-A2C3-727F333CEE43}
		{DFEADB6B-C247-4CB0-82BB-AD7819C3811F} = {AC1A5DE2-EAB7-4C11-828C-6EDA37D3EDFC}
		{9BF57D3D-BF2A-43D2-9C34-5A523B7772C0} = {DFEADB6B-C247-4CB0-82BB-AD7819C3811F}
		{C2C5DD3B-3D29-4B32-B36F-4E6376D649DF} = {DFEADB6B-C247-4CB0-82BB-AD7819C3811F}
		{A748182A-0B43-4742-BC8C-139A53F84871} = {DFEADB6B-C247-4CB0-82BB-AD7819C3811F}
	EndGlobalSection
	GlobalSection(ExtensibilityGlobals) = postSolution
		SolutionGuid = {F98F7453-D022-4841-83AA-742575703BC6}
	EndGlobalSection
EndGlobal
